// !$*UTF8*$!
{
	archiveVersion = 1;
	classes = {
	};
	objectVersion = 46;
	objects = {

/* Begin PBXBuildFile section */
		1C13A9481AB9BF4800B2DF81 /* MediaItemTableViewCell.m in Sources */ = {isa = PBXBuildFile; fileRef = 1C13A9471AB9BF4800B2DF81 /* MediaItemTableViewCell.m */; };
		1C2251441A9E7CA600210324 /* MediaItem.m in Sources */ = {isa = PBXBuildFile; fileRef = 1C2251431A9E7CA600210324 /* MediaItem.m */; };
		1C2251471A9E7E5F00210324 /* Playlist.m in Sources */ = {isa = PBXBuildFile; fileRef = 1C2251461A9E7E5F00210324 /* Playlist.m */; };
		1C2838011A955F59006F10EC /* HomeTableViewController.m in Sources */ = {isa = PBXBuildFile; fileRef = 1C2838001A955F59006F10EC /* HomeTableViewController.m */; };
		1C2838041A955F8D006F10EC /* Utils.m in Sources */ = {isa = PBXBuildFile; fileRef = 1C2838031A955F8D006F10EC /* Utils.m */; };
		1C2838071A955FA5006F10EC /* EventCellView.m in Sources */ = {isa = PBXBuildFile; fileRef = 1C2838061A955FA5006F10EC /* EventCellView.m */; };
		1C33F84D1A8D4A0C0072ABBE /* Player.m in Sources */ = {isa = PBXBuildFile; fileRef = 1C33F84C1A8D4A0C0072ABBE /* Player.m */; };
		1C37B7CD1AF3E29C00566216 /* SoundCloudMediaPickerTableView.m in Sources */ = {isa = PBXBuildFile; fileRef = 1C37B7CC1AF3E29C00566216 /* SoundCloudMediaPickerTableView.m */; };
		1C37B7D91AF540BA00566216 /* PlayerViewController.m in Sources */ = {isa = PBXBuildFile; fileRef = 1C37B7D81AF540BA00566216 /* PlayerViewController.m */; };
		1C37B7EC1AF5789A00566216 /* icon_heart.png in Resources */ = {isa = PBXBuildFile; fileRef = 1C37B7E61AF5789A00566216 /* icon_heart.png */; };
		1C37B7ED1AF5789A00566216 /* icon_musicplaying.png in Resources */ = {isa = PBXBuildFile; fileRef = 1C37B7E71AF5789A00566216 /* icon_musicplaying.png */; };
		1C37B7EE1AF5789A00566216 /* icon_people.png in Resources */ = {isa = PBXBuildFile; fileRef = 1C37B7E81AF5789A00566216 /* icon_people.png */; };
		1C37B7EF1AF5789A00566216 /* image_coverart.png in Resources */ = {isa = PBXBuildFile; fileRef = 1C37B7E91AF5789A00566216 /* image_coverart.png */; };
		1C37B7F01AF5789A00566216 /* image_portrait.png in Resources */ = {isa = PBXBuildFile; fileRef = 1C37B7EA1AF5789A00566216 /* image_portrait.png */; };
		1C37B7F11AF5789A00566216 /* image_waveform.png in Resources */ = {isa = PBXBuildFile; fileRef = 1C37B7EB1AF5789A00566216 /* image_waveform.png */; };
		1C3AC14D1A7EC168004B1D86 /* EventViewController.m in Sources */ = {isa = PBXBuildFile; fileRef = 1C3AC14C1A7EC168004B1D86 /* EventViewController.m */; };
		1C4861E61A7AB75C004EFEAD /* Info.plist in Resources */ = {isa = PBXBuildFile; fileRef = 1CA428A91A799CE9001DB0AD /* Info.plist */; };
		1C4861E71A7AB75C004EFEAD /* main.m in Resources */ = {isa = PBXBuildFile; fileRef = 1CA428AA1A799CE9001DB0AD /* main.m */; };
		1C61D56C1AA25A6200833E0C /* EventMapView.m in Sources */ = {isa = PBXBuildFile; fileRef = 1C61D56B1AA25A6200833E0C /* EventMapView.m */; };
		1C61D56E1AA25A8200833E0C /* EventMapView.xib in Resources */ = {isa = PBXBuildFile; fileRef = 1C61D56D1AA25A8200833E0C /* EventMapView.xib */; };
		1C61D5711AA2609900833E0C /* MapManager.m in Sources */ = {isa = PBXBuildFile; fileRef = 1C61D5701AA2609900833E0C /* MapManager.m */; };
		1C73F3651AFA936D0003B1FA /* RoomsViewController.m in Sources */ = {isa = PBXBuildFile; fileRef = 1C73F3641AFA936D0003B1FA /* RoomsViewController.m */; };
		1C73F3671AFBDECF0003B1FA /* PopularTableCellView.xib in Resources */ = {isa = PBXBuildFile; fileRef = 1C73F3661AFBDECF0003B1FA /* PopularTableCellView.xib */; };
		1C73F3691AFBDFF60003B1FA /* AroundMeTableCellView.xib in Resources */ = {isa = PBXBuildFile; fileRef = 1C73F3681AFBDFF60003B1FA /* AroundMeTableCellView.xib */; };
		1C73F36C1AFBE9470003B1FA /* Room.m in Sources */ = {isa = PBXBuildFile; fileRef = 1C73F36B1AFBE9470003B1FA /* Room.m */; };
		1C73F36E1AFC036A0003B1FA /* CoreLocation.framework in Frameworks */ = {isa = PBXBuildFile; fileRef = 1C73F36D1AFC036A0003B1FA /* CoreLocation.framework */; };
		1C7E49C81AB1FB82005BB999 /* RKSwipeBetweenViewControllers.m in Sources */ = {isa = PBXBuildFile; fileRef = 1C7E49C71AB1FB82005BB999 /* RKSwipeBetweenViewControllers.m */; };
		1C7E49CB1AB21B04005BB999 /* PlayerInfoViewController.m in Sources */ = {isa = PBXBuildFile; fileRef = 1C7E49CA1AB21B04005BB999 /* PlayerInfoViewController.m */; };
		1C7E49CE1AB22503005BB999 /* SwipeBetweenAPIViewControllers.m in Sources */ = {isa = PBXBuildFile; fileRef = 1C7E49CD1AB22503005BB999 /* SwipeBetweenAPIViewControllers.m */; };
		1C7E49D11AB33A48005BB999 /* soundCloudMediaPickerViewController.m in Sources */ = {isa = PBXBuildFile; fileRef = 1C7E49D01AB33A48005BB999 /* soundCloudMediaPickerViewController.m */; };
		1C8F93C71A8C07EB007990AD /* PlayerView.m in Sources */ = {isa = PBXBuildFile; fileRef = 1C8F93C61A8C07EB007990AD /* PlayerView.m */; };
		1C8F93C91A8C0823007990AD /* PlayerView.xib in Resources */ = {isa = PBXBuildFile; fileRef = 1C8F93C81A8C0823007990AD /* PlayerView.xib */; };
		1CA428AB1A799CE9001DB0AD /* main.m in Sources */ = {isa = PBXBuildFile; fileRef = 1CA428AA1A799CE9001DB0AD /* main.m */; };
		1CA428AE1A799CE9001DB0AD /* AppDelegate.m in Sources */ = {isa = PBXBuildFile; fileRef = 1CA428AD1A799CE9001DB0AD /* AppDelegate.m */; };
		1CA428B41A799CE9001DB0AD /* Main.storyboard in Resources */ = {isa = PBXBuildFile; fileRef = 1CA428B21A799CE9001DB0AD /* Main.storyboard */; };
		1CA428B61A799CE9001DB0AD /* Images.xcassets in Resources */ = {isa = PBXBuildFile; fileRef = 1CA428B51A799CE9001DB0AD /* Images.xcassets */; };
		1CA428B91A799CE9001DB0AD /* LaunchScreen.xib in Resources */ = {isa = PBXBuildFile; fileRef = 1CA428B71A799CE9001DB0AD /* LaunchScreen.xib */; };
		1CA428C51A799CE9001DB0AD /* EcstaticFMTests.m in Sources */ = {isa = PBXBuildFile; fileRef = 1CA428C41A799CE9001DB0AD /* EcstaticFMTests.m */; };
		1CB9BB301AA2456400748236 /* SoundCloudAPI.m in Sources */ = {isa = PBXBuildFile; fileRef = 1CB9BB2F1AA2456400748236 /* SoundCloudAPI.m */; };
		1CB9BB341AA2459000748236 /* SDSAPI.m in Sources */ = {isa = PBXBuildFile; fileRef = 1CB9BB331AA2459000748236 /* SDSAPI.m */; };
		1CC438B91A7DBDF3000A5AEC /* Event.m in Sources */ = {isa = PBXBuildFile; fileRef = 1CC438B81A7DBDF3000A5AEC /* Event.m */; };
		1CCB176D1A92792C0055D68C /* LoginViewController.m in Sources */ = {isa = PBXBuildFile; fileRef = 1CCB176C1A92792C0055D68C /* LoginViewController.m */; };
		1CEB11DB1A9ED611005C162D /* MediaPickerTableViewController.m in Sources */ = {isa = PBXBuildFile; fileRef = 1CEB11D91A9ED611005C162D /* MediaPickerTableViewController.m */; };
		1CEB11DC1A9ED611005C162D /* MediaPickerTableViewController.xib in Resources */ = {isa = PBXBuildFile; fileRef = 1CEB11DA1A9ED611005C162D /* MediaPickerTableViewController.xib */; };
		D2A8C828A1F2E13542223221 /* libPods.a in Frameworks */ = {isa = PBXBuildFile; fileRef = 4CDA11C45E121802EEDA9E85 /* libPods.a */; };
		DE57638A1AF400E6003F7507 /* ecstatic-wordmark-330.png in Resources */ = {isa = PBXBuildFile; fileRef = DE5763871AF400E6003F7507 /* ecstatic-wordmark-330.png */; };
		DE57638B1AF400E6003F7507 /* icon-key-21.png in Resources */ = {isa = PBXBuildFile; fileRef = DE5763881AF400E6003F7507 /* icon-key-21.png */; };
		DE57638C1AF400E6003F7507 /* icon-person-21.png in Resources */ = {isa = PBXBuildFile; fileRef = DE5763891AF400E6003F7507 /* icon-person-21.png */; };
		DE5763941AF40723003F7507 /* button-facebook.png in Resources */ = {isa = PBXBuildFile; fileRef = DE5763901AF40723003F7507 /* button-facebook.png */; };
		DE5763951AF40723003F7507 /* button-login.png in Resources */ = {isa = PBXBuildFile; fileRef = DE5763911AF40723003F7507 /* button-login.png */; };
		DE5763961AF40723003F7507 /* input-password.png in Resources */ = {isa = PBXBuildFile; fileRef = DE5763921AF40723003F7507 /* input-password.png */; };
		DE5763971AF40723003F7507 /* input-username.png in Resources */ = {isa = PBXBuildFile; fileRef = DE5763931AF40723003F7507 /* input-username.png */; };
		DE5763A51AF40817003F7507 /* Raleway-Bold.ttf in Resources */ = {isa = PBXBuildFile; fileRef = DE57639B1AF40817003F7507 /* Raleway-Bold.ttf */; };
		DE5763A61AF40817003F7507 /* Raleway-ExtraBold.ttf in Resources */ = {isa = PBXBuildFile; fileRef = DE57639C1AF40817003F7507 /* Raleway-ExtraBold.ttf */; };
		DE5763A71AF40817003F7507 /* Raleway-ExtraLight.ttf in Resources */ = {isa = PBXBuildFile; fileRef = DE57639D1AF40817003F7507 /* Raleway-ExtraLight.ttf */; };
		DE5763A81AF40817003F7507 /* Raleway-Heavy.ttf in Resources */ = {isa = PBXBuildFile; fileRef = DE57639E1AF40817003F7507 /* Raleway-Heavy.ttf */; };
		DE5763A91AF40817003F7507 /* Raleway-Light.ttf in Resources */ = {isa = PBXBuildFile; fileRef = DE57639F1AF40817003F7507 /* Raleway-Light.ttf */; };
		DE5763AA1AF40817003F7507 /* Raleway-Medium.ttf in Resources */ = {isa = PBXBuildFile; fileRef = DE5763A01AF40817003F7507 /* Raleway-Medium.ttf */; };
		DE5763AB1AF40817003F7507 /* Raleway-Regular.ttf in Resources */ = {isa = PBXBuildFile; fileRef = DE5763A11AF40817003F7507 /* Raleway-Regular.ttf */; };
		DE5763AC1AF40817003F7507 /* Raleway-SemiBold.ttf in Resources */ = {isa = PBXBuildFile; fileRef = DE5763A21AF40817003F7507 /* Raleway-SemiBold.ttf */; };
		DE5763AD1AF40817003F7507 /* Raleway-Thin.ttf in Resources */ = {isa = PBXBuildFile; fileRef = DE5763A31AF40817003F7507 /* Raleway-Thin.ttf */; };
		DE5763AF1AF40A8F003F7507 /* QuartzCore.framework in Frameworks */ = {isa = PBXBuildFile; fileRef = DE5763AE1AF40A8E003F7507 /* QuartzCore.framework */; };
		DE5763B91AF427ED003F7507 /* RadialGradientLayer.m in Sources */ = {isa = PBXBuildFile; fileRef = DE5763B81AF427ED003F7507 /* RadialGradientLayer.m */; };
		DE5763CC1AF438E7003F7507 /* RoomViewController.m in Sources */ = {isa = PBXBuildFile; fileRef = DE5763CB1AF438E7003F7507 /* RoomViewController.m */; };
		DE5763D11AF447F4003F7507 /* GradientNavigationBar.m in Sources */ = {isa = PBXBuildFile; fileRef = DE5763D01AF447F4003F7507 /* GradientNavigationBar.m */; };
		DE5763D41AF5608C003F7507 /* GFXUtils.m in Sources */ = {isa = PBXBuildFile; fileRef = DE5763D31AF5608C003F7507 /* GFXUtils.m */; };
		DE79A7DF1AFBFD6A00E99957 /* icon_playerback.png in Resources */ = {isa = PBXBuildFile; fileRef = DE79A7DC1AFBFD6A00E99957 /* icon_playerback.png */; };
		DE79A7E01AFBFD6A00E99957 /* icon_playernext.png in Resources */ = {isa = PBXBuildFile; fileRef = DE79A7DD1AFBFD6A00E99957 /* icon_playernext.png */; };
		DE79A7E11AFBFD6A00E99957 /* icon_playerpause.png in Resources */ = {isa = PBXBuildFile; fileRef = DE79A7DE1AFBFD6A00E99957 /* icon_playerpause.png */; };
		DE9A4A0D1AF5765A00B26BA4 /* button_addmusic.png in Resources */ = {isa = PBXBuildFile; fileRef = DE9A4A0B1AF5765A00B26BA4 /* button_addmusic.png */; };
		DE9A4A0E1AF5765A00B26BA4 /* image_navbarbg.png in Resources */ = {isa = PBXBuildFile; fileRef = DE9A4A0C1AF5765A00B26BA4 /* image_navbarbg.png */; };
		DE9A4A101AF5767300B26BA4 /* splash.png in Resources */ = {isa = PBXBuildFile; fileRef = DE9A4A0F1AF5767300B26BA4 /* splash.png */; };
		DEE628D91AFA796F009084FF /* icon_bubble.png in Resources */ = {isa = PBXBuildFile; fileRef = DEE628D81AFA796F009084FF /* icon_bubble.png */; };
		DEE628DB1AFA79C1009084FF /* icon_back.png in Resources */ = {isa = PBXBuildFile; fileRef = DEE628DA1AFA79C1009084FF /* icon_back.png */; };
		DEE628DE1AFA8D59009084FF /* icon_close.png in Resources */ = {isa = PBXBuildFile; fileRef = DEE628DD1AFA8D59009084FF /* icon_close.png */; };
		DEE628E21AFA9D04009084FF /* icon_heartfull.png in Resources */ = {isa = PBXBuildFile; fileRef = DEE628DF1AFA9D04009084FF /* icon_heartfull.png */; };
		DEE628E31AFA9D04009084FF /* icon_playlist.png in Resources */ = {isa = PBXBuildFile; fileRef = DEE628E01AFA9D04009084FF /* icon_playlist.png */; };
		DEE628E41AFA9D04009084FF /* icon_search.png in Resources */ = {isa = PBXBuildFile; fileRef = DEE628E11AFA9D04009084FF /* icon_search.png */; };
/* End PBXBuildFile section */

/* Begin PBXContainerItemProxy section */
		1CA428BF1A799CE9001DB0AD /* PBXContainerItemProxy */ = {
			isa = PBXContainerItemProxy;
			containerPortal = 1CA4289D1A799CE9001DB0AD /* Project object */;
			proxyType = 1;
			remoteGlobalIDString = 1CA428A41A799CE9001DB0AD;
			remoteInfo = EcstaticFM;
		};
/* End PBXContainerItemProxy section */

/* Begin PBXFileReference section */
		1C13A9461AB9BF4800B2DF81 /* MediaItemTableViewCell.h */ = {isa = PBXFileReference; fileEncoding = 4; lastKnownFileType = sourcecode.c.h; path = MediaItemTableViewCell.h; sourceTree = "<group>"; };
		1C13A9471AB9BF4800B2DF81 /* MediaItemTableViewCell.m */ = {isa = PBXFileReference; fileEncoding = 4; lastKnownFileType = sourcecode.c.objc; path = MediaItemTableViewCell.m; sourceTree = "<group>"; };
		1C2251421A9E7CA600210324 /* MediaItem.h */ = {isa = PBXFileReference; fileEncoding = 4; lastKnownFileType = sourcecode.c.h; path = MediaItem.h; sourceTree = "<group>"; };
		1C2251431A9E7CA600210324 /* MediaItem.m */ = {isa = PBXFileReference; fileEncoding = 4; lastKnownFileType = sourcecode.c.objc; path = MediaItem.m; sourceTree = "<group>"; };
		1C2251451A9E7E5F00210324 /* Playlist.h */ = {isa = PBXFileReference; fileEncoding = 4; lastKnownFileType = sourcecode.c.h; path = Playlist.h; sourceTree = "<group>"; };
		1C2251461A9E7E5F00210324 /* Playlist.m */ = {isa = PBXFileReference; fileEncoding = 4; lastKnownFileType = sourcecode.c.objc; path = Playlist.m; sourceTree = "<group>"; };
		1C2837FF1A955F59006F10EC /* HomeTableViewController.h */ = {isa = PBXFileReference; fileEncoding = 4; lastKnownFileType = sourcecode.c.h; path = HomeTableViewController.h; sourceTree = "<group>"; };
		1C2838001A955F59006F10EC /* HomeTableViewController.m */ = {isa = PBXFileReference; fileEncoding = 4; lastKnownFileType = sourcecode.c.objc; path = HomeTableViewController.m; sourceTree = "<group>"; };
		1C2838021A955F8D006F10EC /* Utils.h */ = {isa = PBXFileReference; fileEncoding = 4; lastKnownFileType = sourcecode.c.h; path = Utils.h; sourceTree = "<group>"; };
		1C2838031A955F8D006F10EC /* Utils.m */ = {isa = PBXFileReference; fileEncoding = 4; lastKnownFileType = sourcecode.c.objc; path = Utils.m; sourceTree = "<group>"; };
		1C2838051A955FA5006F10EC /* EventCellView.h */ = {isa = PBXFileReference; fileEncoding = 4; lastKnownFileType = sourcecode.c.h; path = EventCellView.h; sourceTree = "<group>"; };
		1C2838061A955FA5006F10EC /* EventCellView.m */ = {isa = PBXFileReference; fileEncoding = 4; lastKnownFileType = sourcecode.c.objc; path = EventCellView.m; sourceTree = "<group>"; };
		1C33F84B1A8D4A0C0072ABBE /* Player.h */ = {isa = PBXFileReference; fileEncoding = 4; lastKnownFileType = sourcecode.c.h; path = Player.h; sourceTree = "<group>"; };
		1C33F84C1A8D4A0C0072ABBE /* Player.m */ = {isa = PBXFileReference; fileEncoding = 4; lastKnownFileType = sourcecode.c.objc; path = Player.m; sourceTree = "<group>"; };
		1C37B7CB1AF3E29C00566216 /* SoundCloudMediaPickerTableView.h */ = {isa = PBXFileReference; fileEncoding = 4; lastKnownFileType = sourcecode.c.h; path = SoundCloudMediaPickerTableView.h; sourceTree = "<group>"; };
		1C37B7CC1AF3E29C00566216 /* SoundCloudMediaPickerTableView.m */ = {isa = PBXFileReference; fileEncoding = 4; lastKnownFileType = sourcecode.c.objc; path = SoundCloudMediaPickerTableView.m; sourceTree = "<group>"; };
		1C37B7D71AF540BA00566216 /* PlayerViewController.h */ = {isa = PBXFileReference; fileEncoding = 4; lastKnownFileType = sourcecode.c.h; path = PlayerViewController.h; sourceTree = "<group>"; };
		1C37B7D81AF540BA00566216 /* PlayerViewController.m */ = {isa = PBXFileReference; fileEncoding = 4; lastKnownFileType = sourcecode.c.objc; path = PlayerViewController.m; sourceTree = "<group>"; };
		1C37B7E61AF5789A00566216 /* icon_heart.png */ = {isa = PBXFileReference; lastKnownFileType = image.png; path = icon_heart.png; sourceTree = "<group>"; };
		1C37B7E71AF5789A00566216 /* icon_musicplaying.png */ = {isa = PBXFileReference; lastKnownFileType = image.png; path = icon_musicplaying.png; sourceTree = "<group>"; };
		1C37B7E81AF5789A00566216 /* icon_people.png */ = {isa = PBXFileReference; lastKnownFileType = image.png; path = icon_people.png; sourceTree = "<group>"; };
		1C37B7E91AF5789A00566216 /* image_coverart.png */ = {isa = PBXFileReference; lastKnownFileType = image.png; path = image_coverart.png; sourceTree = "<group>"; };
		1C37B7EA1AF5789A00566216 /* image_portrait.png */ = {isa = PBXFileReference; lastKnownFileType = image.png; path = image_portrait.png; sourceTree = "<group>"; };
		1C37B7EB1AF5789A00566216 /* image_waveform.png */ = {isa = PBXFileReference; lastKnownFileType = image.png; path = image_waveform.png; sourceTree = "<group>"; };
		1C3AC14B1A7EC168004B1D86 /* EventViewController.h */ = {isa = PBXFileReference; fileEncoding = 4; lastKnownFileType = sourcecode.c.h; path = EventViewController.h; sourceTree = "<group>"; };
		1C3AC14C1A7EC168004B1D86 /* EventViewController.m */ = {isa = PBXFileReference; fileEncoding = 4; lastKnownFileType = sourcecode.c.objc; path = EventViewController.m; sourceTree = "<group>"; };
		1C61D56A1AA25A6200833E0C /* EventMapView.h */ = {isa = PBXFileReference; fileEncoding = 4; lastKnownFileType = sourcecode.c.h; path = EventMapView.h; sourceTree = "<group>"; };
		1C61D56B1AA25A6200833E0C /* EventMapView.m */ = {isa = PBXFileReference; fileEncoding = 4; lastKnownFileType = sourcecode.c.objc; path = EventMapView.m; sourceTree = "<group>"; };
		1C61D56D1AA25A8200833E0C /* EventMapView.xib */ = {isa = PBXFileReference; fileEncoding = 4; lastKnownFileType = file.xib; path = EventMapView.xib; sourceTree = "<group>"; };
		1C61D56F1AA2609900833E0C /* MapManager.h */ = {isa = PBXFileReference; fileEncoding = 4; lastKnownFileType = sourcecode.c.h; path = MapManager.h; sourceTree = "<group>"; };
		1C61D5701AA2609900833E0C /* MapManager.m */ = {isa = PBXFileReference; fileEncoding = 4; lastKnownFileType = sourcecode.c.objc; path = MapManager.m; sourceTree = "<group>"; };
		1C73F3631AFA936D0003B1FA /* RoomsViewController.h */ = {isa = PBXFileReference; fileEncoding = 4; lastKnownFileType = sourcecode.c.h; path = RoomsViewController.h; sourceTree = "<group>"; };
		1C73F3641AFA936D0003B1FA /* RoomsViewController.m */ = {isa = PBXFileReference; fileEncoding = 4; lastKnownFileType = sourcecode.c.objc; path = RoomsViewController.m; sourceTree = "<group>"; };
		1C73F3661AFBDECF0003B1FA /* PopularTableCellView.xib */ = {isa = PBXFileReference; fileEncoding = 4; lastKnownFileType = file.xib; path = PopularTableCellView.xib; sourceTree = "<group>"; };
		1C73F3681AFBDFF60003B1FA /* AroundMeTableCellView.xib */ = {isa = PBXFileReference; fileEncoding = 4; lastKnownFileType = file.xib; path = AroundMeTableCellView.xib; sourceTree = "<group>"; };
		1C73F36A1AFBE9470003B1FA /* Room.h */ = {isa = PBXFileReference; fileEncoding = 4; lastKnownFileType = sourcecode.c.h; path = Room.h; sourceTree = "<group>"; };
		1C73F36B1AFBE9470003B1FA /* Room.m */ = {isa = PBXFileReference; fileEncoding = 4; lastKnownFileType = sourcecode.c.objc; path = Room.m; sourceTree = "<group>"; };
		1C73F36D1AFC036A0003B1FA /* CoreLocation.framework */ = {isa = PBXFileReference; lastKnownFileType = wrapper.framework; name = CoreLocation.framework; path = System/Library/Frameworks/CoreLocation.framework; sourceTree = SDKROOT; };
		1C7E49C61AB1FB82005BB999 /* RKSwipeBetweenViewControllers.h */ = {isa = PBXFileReference; fileEncoding = 4; lastKnownFileType = sourcecode.c.h; path = RKSwipeBetweenViewControllers.h; sourceTree = "<group>"; };
		1C7E49C71AB1FB82005BB999 /* RKSwipeBetweenViewControllers.m */ = {isa = PBXFileReference; fileEncoding = 4; lastKnownFileType = sourcecode.c.objc; path = RKSwipeBetweenViewControllers.m; sourceTree = "<group>"; };
		1C7E49C91AB21B04005BB999 /* PlayerInfoViewController.h */ = {isa = PBXFileReference; fileEncoding = 4; lastKnownFileType = sourcecode.c.h; path = PlayerInfoViewController.h; sourceTree = "<group>"; };
		1C7E49CA1AB21B04005BB999 /* PlayerInfoViewController.m */ = {isa = PBXFileReference; fileEncoding = 4; lastKnownFileType = sourcecode.c.objc; path = PlayerInfoViewController.m; sourceTree = "<group>"; };
		1C7E49CC1AB22503005BB999 /* SwipeBetweenAPIViewControllers.h */ = {isa = PBXFileReference; fileEncoding = 4; lastKnownFileType = sourcecode.c.h; path = SwipeBetweenAPIViewControllers.h; sourceTree = "<group>"; };
		1C7E49CD1AB22503005BB999 /* SwipeBetweenAPIViewControllers.m */ = {isa = PBXFileReference; fileEncoding = 4; lastKnownFileType = sourcecode.c.objc; path = SwipeBetweenAPIViewControllers.m; sourceTree = "<group>"; };
		1C7E49CF1AB33A48005BB999 /* soundCloudMediaPickerViewController.h */ = {isa = PBXFileReference; fileEncoding = 4; lastKnownFileType = sourcecode.c.h; path = soundCloudMediaPickerViewController.h; sourceTree = "<group>"; };
		1C7E49D01AB33A48005BB999 /* soundCloudMediaPickerViewController.m */ = {isa = PBXFileReference; fileEncoding = 4; lastKnownFileType = sourcecode.c.objc; path = soundCloudMediaPickerViewController.m; sourceTree = "<group>"; };
		1C8F93C51A8C07EB007990AD /* PlayerView.h */ = {isa = PBXFileReference; fileEncoding = 4; lastKnownFileType = sourcecode.c.h; path = PlayerView.h; sourceTree = "<group>"; };
		1C8F93C61A8C07EB007990AD /* PlayerView.m */ = {isa = PBXFileReference; fileEncoding = 4; lastKnownFileType = sourcecode.c.objc; path = PlayerView.m; sourceTree = "<group>"; };
		1C8F93C81A8C0823007990AD /* PlayerView.xib */ = {isa = PBXFileReference; fileEncoding = 4; lastKnownFileType = file.xib; path = PlayerView.xib; sourceTree = "<group>"; };
		1CA428A51A799CE9001DB0AD /* EcstaticFM.app */ = {isa = PBXFileReference; explicitFileType = wrapper.application; includeInIndex = 0; path = EcstaticFM.app; sourceTree = BUILT_PRODUCTS_DIR; };
		1CA428A91A799CE9001DB0AD /* Info.plist */ = {isa = PBXFileReference; lastKnownFileType = text.plist.xml; path = Info.plist; sourceTree = "<group>"; };
		1CA428AA1A799CE9001DB0AD /* main.m */ = {isa = PBXFileReference; lastKnownFileType = sourcecode.c.objc; path = main.m; sourceTree = "<group>"; };
		1CA428AC1A799CE9001DB0AD /* AppDelegate.h */ = {isa = PBXFileReference; lastKnownFileType = sourcecode.c.h; path = AppDelegate.h; sourceTree = "<group>"; };
		1CA428AD1A799CE9001DB0AD /* AppDelegate.m */ = {isa = PBXFileReference; lastKnownFileType = sourcecode.c.objc; path = AppDelegate.m; sourceTree = "<group>"; };
		1CA428B31A799CE9001DB0AD /* Base */ = {isa = PBXFileReference; lastKnownFileType = file.storyboard; name = Base; path = Base.lproj/Main.storyboard; sourceTree = "<group>"; };
		1CA428B51A799CE9001DB0AD /* Images.xcassets */ = {isa = PBXFileReference; lastKnownFileType = folder.assetcatalog; path = Images.xcassets; sourceTree = "<group>"; };
		1CA428B81A799CE9001DB0AD /* Base */ = {isa = PBXFileReference; lastKnownFileType = file.xib; name = Base; path = Base.lproj/LaunchScreen.xib; sourceTree = "<group>"; };
		1CA428BE1A799CE9001DB0AD /* EcstaticFMTests.xctest */ = {isa = PBXFileReference; explicitFileType = wrapper.cfbundle; includeInIndex = 0; path = EcstaticFMTests.xctest; sourceTree = BUILT_PRODUCTS_DIR; };
		1CA428C31A799CE9001DB0AD /* Info.plist */ = {isa = PBXFileReference; lastKnownFileType = text.plist.xml; path = Info.plist; sourceTree = "<group>"; };
		1CA428C41A799CE9001DB0AD /* EcstaticFMTests.m */ = {isa = PBXFileReference; lastKnownFileType = sourcecode.c.objc; path = EcstaticFMTests.m; sourceTree = "<group>"; };
		1CB9BB2B1AA2434B00748236 /* MusicServiceAPI.h */ = {isa = PBXFileReference; fileEncoding = 4; lastKnownFileType = sourcecode.c.h; path = MusicServiceAPI.h; sourceTree = "<group>"; };
		1CB9BB2E1AA2456400748236 /* SoundCloudAPI.h */ = {isa = PBXFileReference; fileEncoding = 4; lastKnownFileType = sourcecode.c.h; path = SoundCloudAPI.h; sourceTree = "<group>"; };
		1CB9BB2F1AA2456400748236 /* SoundCloudAPI.m */ = {isa = PBXFileReference; fileEncoding = 4; lastKnownFileType = sourcecode.c.objc; path = SoundCloudAPI.m; sourceTree = "<group>"; };
		1CB9BB321AA2459000748236 /* SDSAPI.h */ = {isa = PBXFileReference; fileEncoding = 4; lastKnownFileType = sourcecode.c.h; path = SDSAPI.h; sourceTree = "<group>"; };
		1CB9BB331AA2459000748236 /* SDSAPI.m */ = {isa = PBXFileReference; fileEncoding = 4; lastKnownFileType = sourcecode.c.objc; path = SDSAPI.m; sourceTree = "<group>"; };
		1CC438B71A7DBDF3000A5AEC /* Event.h */ = {isa = PBXFileReference; fileEncoding = 4; lastKnownFileType = sourcecode.c.h; path = Event.h; sourceTree = "<group>"; };
		1CC438B81A7DBDF3000A5AEC /* Event.m */ = {isa = PBXFileReference; fileEncoding = 4; lastKnownFileType = sourcecode.c.objc; path = Event.m; sourceTree = "<group>"; };
		1CCB176B1A92792C0055D68C /* LoginViewController.h */ = {isa = PBXFileReference; fileEncoding = 4; lastKnownFileType = sourcecode.c.h; path = LoginViewController.h; sourceTree = "<group>"; };
		1CCB176C1A92792C0055D68C /* LoginViewController.m */ = {isa = PBXFileReference; fileEncoding = 4; lastKnownFileType = sourcecode.c.objc; path = LoginViewController.m; sourceTree = "<group>"; };
		1CEB11D81A9ED611005C162D /* MediaPickerTableViewController.h */ = {isa = PBXFileReference; fileEncoding = 4; lastKnownFileType = sourcecode.c.h; path = MediaPickerTableViewController.h; sourceTree = "<group>"; };
		1CEB11D91A9ED611005C162D /* MediaPickerTableViewController.m */ = {isa = PBXFileReference; fileEncoding = 4; lastKnownFileType = sourcecode.c.objc; path = MediaPickerTableViewController.m; sourceTree = "<group>"; };
		1CEB11DA1A9ED611005C162D /* MediaPickerTableViewController.xib */ = {isa = PBXFileReference; fileEncoding = 4; lastKnownFileType = file.xib; path = MediaPickerTableViewController.xib; sourceTree = "<group>"; };
		357C25CB851B05BF017C7876 /* Pods.debug.xcconfig */ = {isa = PBXFileReference; includeInIndex = 1; lastKnownFileType = text.xcconfig; name = Pods.debug.xcconfig; path = "Pods/Target Support Files/Pods/Pods.debug.xcconfig"; sourceTree = "<group>"; };
		4CDA11C45E121802EEDA9E85 /* libPods.a */ = {isa = PBXFileReference; explicitFileType = archive.ar; includeInIndex = 0; path = libPods.a; sourceTree = BUILT_PRODUCTS_DIR; };
		C2B767D1CC5F084F45D1F4FB /* Pods.release.xcconfig */ = {isa = PBXFileReference; includeInIndex = 1; lastKnownFileType = text.xcconfig; name = Pods.release.xcconfig; path = "Pods/Target Support Files/Pods/Pods.release.xcconfig"; sourceTree = "<group>"; };
		DE5763871AF400E6003F7507 /* ecstatic-wordmark-330.png */ = {isa = PBXFileReference; lastKnownFileType = image.png; path = "ecstatic-wordmark-330.png"; sourceTree = "<group>"; };
		DE5763881AF400E6003F7507 /* icon-key-21.png */ = {isa = PBXFileReference; lastKnownFileType = image.png; path = "icon-key-21.png"; sourceTree = "<group>"; };
		DE5763891AF400E6003F7507 /* icon-person-21.png */ = {isa = PBXFileReference; lastKnownFileType = image.png; path = "icon-person-21.png"; sourceTree = "<group>"; };
		DE5763901AF40723003F7507 /* button-facebook.png */ = {isa = PBXFileReference; lastKnownFileType = image.png; path = "button-facebook.png"; sourceTree = "<group>"; };
		DE5763911AF40723003F7507 /* button-login.png */ = {isa = PBXFileReference; lastKnownFileType = image.png; path = "button-login.png"; sourceTree = "<group>"; };
		DE5763921AF40723003F7507 /* input-password.png */ = {isa = PBXFileReference; lastKnownFileType = image.png; path = "input-password.png"; sourceTree = "<group>"; };
		DE5763931AF40723003F7507 /* input-username.png */ = {isa = PBXFileReference; lastKnownFileType = image.png; path = "input-username.png"; sourceTree = "<group>"; };
		DE57639B1AF40817003F7507 /* Raleway-Bold.ttf */ = {isa = PBXFileReference; lastKnownFileType = file; path = "Raleway-Bold.ttf"; sourceTree = "<group>"; };
		DE57639C1AF40817003F7507 /* Raleway-ExtraBold.ttf */ = {isa = PBXFileReference; lastKnownFileType = file; path = "Raleway-ExtraBold.ttf"; sourceTree = "<group>"; };
		DE57639D1AF40817003F7507 /* Raleway-ExtraLight.ttf */ = {isa = PBXFileReference; lastKnownFileType = file; path = "Raleway-ExtraLight.ttf"; sourceTree = "<group>"; };
		DE57639E1AF40817003F7507 /* Raleway-Heavy.ttf */ = {isa = PBXFileReference; lastKnownFileType = file; path = "Raleway-Heavy.ttf"; sourceTree = "<group>"; };
		DE57639F1AF40817003F7507 /* Raleway-Light.ttf */ = {isa = PBXFileReference; lastKnownFileType = file; path = "Raleway-Light.ttf"; sourceTree = "<group>"; };
		DE5763A01AF40817003F7507 /* Raleway-Medium.ttf */ = {isa = PBXFileReference; lastKnownFileType = file; path = "Raleway-Medium.ttf"; sourceTree = "<group>"; };
		DE5763A11AF40817003F7507 /* Raleway-Regular.ttf */ = {isa = PBXFileReference; lastKnownFileType = file; path = "Raleway-Regular.ttf"; sourceTree = "<group>"; };
		DE5763A21AF40817003F7507 /* Raleway-SemiBold.ttf */ = {isa = PBXFileReference; lastKnownFileType = file; path = "Raleway-SemiBold.ttf"; sourceTree = "<group>"; };
		DE5763A31AF40817003F7507 /* Raleway-Thin.ttf */ = {isa = PBXFileReference; lastKnownFileType = file; path = "Raleway-Thin.ttf"; sourceTree = "<group>"; };
		DE5763AE1AF40A8E003F7507 /* QuartzCore.framework */ = {isa = PBXFileReference; lastKnownFileType = wrapper.framework; name = QuartzCore.framework; path = System/Library/Frameworks/QuartzCore.framework; sourceTree = SDKROOT; };
		DE5763B71AF427ED003F7507 /* RadialGradientLayer.h */ = {isa = PBXFileReference; fileEncoding = 4; lastKnownFileType = sourcecode.c.h; path = RadialGradientLayer.h; sourceTree = "<group>"; };
		DE5763B81AF427ED003F7507 /* RadialGradientLayer.m */ = {isa = PBXFileReference; fileEncoding = 4; lastKnownFileType = sourcecode.c.objc; path = RadialGradientLayer.m; sourceTree = "<group>"; };
		DE5763CA1AF438E7003F7507 /* RoomViewController.h */ = {isa = PBXFileReference; fileEncoding = 4; lastKnownFileType = sourcecode.c.h; path = RoomViewController.h; sourceTree = "<group>"; };
		DE5763CB1AF438E7003F7507 /* RoomViewController.m */ = {isa = PBXFileReference; fileEncoding = 4; lastKnownFileType = sourcecode.c.objc; path = RoomViewController.m; sourceTree = "<group>"; };
		DE5763CF1AF447F4003F7507 /* GradientNavigationBar.h */ = {isa = PBXFileReference; fileEncoding = 4; lastKnownFileType = sourcecode.c.h; path = GradientNavigationBar.h; sourceTree = "<group>"; };
		DE5763D01AF447F4003F7507 /* GradientNavigationBar.m */ = {isa = PBXFileReference; fileEncoding = 4; lastKnownFileType = sourcecode.c.objc; path = GradientNavigationBar.m; sourceTree = "<group>"; };
		DE5763D21AF5608C003F7507 /* GFXUtils.h */ = {isa = PBXFileReference; fileEncoding = 4; lastKnownFileType = sourcecode.c.h; path = GFXUtils.h; sourceTree = "<group>"; };
		DE5763D31AF5608C003F7507 /* GFXUtils.m */ = {isa = PBXFileReference; fileEncoding = 4; lastKnownFileType = sourcecode.c.objc; path = GFXUtils.m; sourceTree = "<group>"; };
		DE79A7DC1AFBFD6A00E99957 /* icon_playerback.png */ = {isa = PBXFileReference; lastKnownFileType = image.png; path = icon_playerback.png; sourceTree = "<group>"; };
		DE79A7DD1AFBFD6A00E99957 /* icon_playernext.png */ = {isa = PBXFileReference; lastKnownFileType = image.png; path = icon_playernext.png; sourceTree = "<group>"; };
		DE79A7DE1AFBFD6A00E99957 /* icon_playerpause.png */ = {isa = PBXFileReference; lastKnownFileType = image.png; path = icon_playerpause.png; sourceTree = "<group>"; };
		DE9A4A0B1AF5765A00B26BA4 /* button_addmusic.png */ = {isa = PBXFileReference; lastKnownFileType = image.png; path = button_addmusic.png; sourceTree = "<group>"; };
		DE9A4A0C1AF5765A00B26BA4 /* image_navbarbg.png */ = {isa = PBXFileReference; lastKnownFileType = image.png; path = image_navbarbg.png; sourceTree = "<group>"; };
		DE9A4A0F1AF5767300B26BA4 /* splash.png */ = {isa = PBXFileReference; lastKnownFileType = image.png; path = splash.png; sourceTree = "<group>"; };
		DEE628D81AFA796F009084FF /* icon_bubble.png */ = {isa = PBXFileReference; lastKnownFileType = image.png; path = icon_bubble.png; sourceTree = "<group>"; };
		DEE628DA1AFA79C1009084FF /* icon_back.png */ = {isa = PBXFileReference; lastKnownFileType = image.png; path = icon_back.png; sourceTree = "<group>"; };
		DEE628DD1AFA8D59009084FF /* icon_close.png */ = {isa = PBXFileReference; lastKnownFileType = image.png; path = icon_close.png; sourceTree = "<group>"; };
		DEE628DF1AFA9D04009084FF /* icon_heartfull.png */ = {isa = PBXFileReference; lastKnownFileType = image.png; path = icon_heartfull.png; sourceTree = "<group>"; };
		DEE628E01AFA9D04009084FF /* icon_playlist.png */ = {isa = PBXFileReference; lastKnownFileType = image.png; path = icon_playlist.png; sourceTree = "<group>"; };
		DEE628E11AFA9D04009084FF /* icon_search.png */ = {isa = PBXFileReference; lastKnownFileType = image.png; path = icon_search.png; sourceTree = "<group>"; };
/* End PBXFileReference section */

/* Begin PBXFrameworksBuildPhase section */
		1CA428A21A799CE9001DB0AD /* Frameworks */ = {
			isa = PBXFrameworksBuildPhase;
			buildActionMask = 2147483647;
			files = (
				1C73F36E1AFC036A0003B1FA /* CoreLocation.framework in Frameworks */,
				DE5763AF1AF40A8F003F7507 /* QuartzCore.framework in Frameworks */,
				D2A8C828A1F2E13542223221 /* libPods.a in Frameworks */,
			);
			runOnlyForDeploymentPostprocessing = 0;
		};
		1CA428BB1A799CE9001DB0AD /* Frameworks */ = {
			isa = PBXFrameworksBuildPhase;
			buildActionMask = 2147483647;
			files = (
			);
			runOnlyForDeploymentPostprocessing = 0;
		};
/* End PBXFrameworksBuildPhase section */

/* Begin PBXGroup section */
		1C73F35F1AFA8CCB0003B1FA /* Rooms */ = {
			isa = PBXGroup;
			children = (
				1C73F3631AFA936D0003B1FA /* RoomsViewController.h */,
				1C73F3641AFA936D0003B1FA /* RoomsViewController.m */,
				1C73F3661AFBDECF0003B1FA /* PopularTableCellView.xib */,
				1C73F3681AFBDFF60003B1FA /* AroundMeTableCellView.xib */,
				1C73F36A1AFBE9470003B1FA /* Room.h */,
				1C73F36B1AFBE9470003B1FA /* Room.m */,
			);
			name = Rooms;
			sourceTree = "<group>";
		};
		1C7E49C51AB1FB5B005BB999 /* Page View Control */ = {
			isa = PBXGroup;
			children = (
				1C7E49C61AB1FB82005BB999 /* RKSwipeBetweenViewControllers.h */,
				1C7E49C71AB1FB82005BB999 /* RKSwipeBetweenViewControllers.m */,
				1C7E49CC1AB22503005BB999 /* SwipeBetweenAPIViewControllers.h */,
				1C7E49CD1AB22503005BB999 /* SwipeBetweenAPIViewControllers.m */,
			);
			name = "Page View Control";
			sourceTree = "<group>";
		};
		1C7E49D21AB33A4E005BB999 /* soundCloudMediaPicker */ = {
			isa = PBXGroup;
			children = (
				1C37B7CB1AF3E29C00566216 /* SoundCloudMediaPickerTableView.h */,
				1C37B7CC1AF3E29C00566216 /* SoundCloudMediaPickerTableView.m */,
				1C7E49CF1AB33A48005BB999 /* soundCloudMediaPickerViewController.h */,
				1C7E49D01AB33A48005BB999 /* soundCloudMediaPickerViewController.m */,
				1C13A9461AB9BF4800B2DF81 /* MediaItemTableViewCell.h */,
				1C13A9471AB9BF4800B2DF81 /* MediaItemTableViewCell.m */,
			);
			name = soundCloudMediaPicker;
			sourceTree = "<group>";
		};
		1CA4289C1A799CE9001DB0AD = {
			isa = PBXGroup;
			children = (
				1CC438BA1A7DBF38000A5AEC /* Source */,
				1CA428A71A799CE9001DB0AD /* EcstaticFM */,
				1CA428C11A799CE9001DB0AD /* EcstaticFMTests */,
				1CA428A61A799CE9001DB0AD /* Products */,
				E04848918A20C9B3F50F1020 /* Pods */,
				41E1FCC16606E980DDA2964F /* Frameworks */,
			);
			sourceTree = "<group>";
		};
		1CA428A61A799CE9001DB0AD /* Products */ = {
			isa = PBXGroup;
			children = (
				1CA428A51A799CE9001DB0AD /* EcstaticFM.app */,
				1CA428BE1A799CE9001DB0AD /* EcstaticFMTests.xctest */,
			);
			name = Products;
			sourceTree = "<group>";
		};
		1CA428A71A799CE9001DB0AD /* EcstaticFM */ = {
			isa = PBXGroup;
			children = (
				1CA428AC1A799CE9001DB0AD /* AppDelegate.h */,
				1CA428AD1A799CE9001DB0AD /* AppDelegate.m */,
				1CA428B21A799CE9001DB0AD /* Main.storyboard */,
				1CA428B51A799CE9001DB0AD /* Images.xcassets */,
				1CA428B71A799CE9001DB0AD /* LaunchScreen.xib */,
				1CA428A81A799CE9001DB0AD /* Supporting Files */,
			);
			path = EcstaticFM;
			sourceTree = "<group>";
		};
		1CA428A81A799CE9001DB0AD /* Supporting Files */ = {
			isa = PBXGroup;
			children = (
				DE5763981AF4080B003F7507 /* Fonts */,
				DE5763861AF400BF003F7507 /* Assets (2x) */,
				1CA428A91A799CE9001DB0AD /* Info.plist */,
				1CA428AA1A799CE9001DB0AD /* main.m */,
			);
			name = "Supporting Files";
			sourceTree = "<group>";
		};
		1CA428C11A799CE9001DB0AD /* EcstaticFMTests */ = {
			isa = PBXGroup;
			children = (
				1CA428C41A799CE9001DB0AD /* EcstaticFMTests.m */,
				1CA428C21A799CE9001DB0AD /* Supporting Files */,
			);
			path = EcstaticFMTests;
			sourceTree = "<group>";
		};
		1CA428C21A799CE9001DB0AD /* Supporting Files */ = {
			isa = PBXGroup;
			children = (
				1CA428C31A799CE9001DB0AD /* Info.plist */,
			);
			name = "Supporting Files";
			sourceTree = "<group>";
		};
		1CB9BB2A1AA2428200748236 /* Player */ = {
			isa = PBXGroup;
			children = (
				1C2251451A9E7E5F00210324 /* Playlist.h */,
				1C2251461A9E7E5F00210324 /* Playlist.m */,
				1C8F93C81A8C0823007990AD /* PlayerView.xib */,
				1C8F93C51A8C07EB007990AD /* PlayerView.h */,
				1C8F93C61A8C07EB007990AD /* PlayerView.m */,
				1C33F84B1A8D4A0C0072ABBE /* Player.h */,
				1C33F84C1A8D4A0C0072ABBE /* Player.m */,
				1C2251421A9E7CA600210324 /* MediaItem.h */,
				1C2251431A9E7CA600210324 /* MediaItem.m */,
				1C37B7D71AF540BA00566216 /* PlayerViewController.h */,
				1C37B7D81AF540BA00566216 /* PlayerViewController.m */,
			);
			name = Player;
			sourceTree = "<group>";
		};
		1CB9BB311AA2456900748236 /* API Integrations */ = {
			isa = PBXGroup;
			children = (
				1CB9BB2B1AA2434B00748236 /* MusicServiceAPI.h */,
				1CB9BB2E1AA2456400748236 /* SoundCloudAPI.h */,
				1CB9BB2F1AA2456400748236 /* SoundCloudAPI.m */,
				1CB9BB321AA2459000748236 /* SDSAPI.h */,
				1CB9BB331AA2459000748236 /* SDSAPI.m */,
			);
			name = "API Integrations";
			sourceTree = "<group>";
		};
		1CC438BA1A7DBF38000A5AEC /* Source */ = {
			isa = PBXGroup;
			children = (
				1C73F35F1AFA8CCB0003B1FA /* Rooms */,
				DE5763B61AF40CCD003F7507 /* Login */,
				1C7E49D21AB33A4E005BB999 /* soundCloudMediaPicker */,
				1C7E49C51AB1FB5B005BB999 /* Page View Control */,
				1CB9BB311AA2456900748236 /* API Integrations */,
				1CB9BB2A1AA2428200748236 /* Player */,
				1CC438B71A7DBDF3000A5AEC /* Event.h */,
				1CC438B81A7DBDF3000A5AEC /* Event.m */,
				1C2837FF1A955F59006F10EC /* HomeTableViewController.h */,
				1C2838001A955F59006F10EC /* HomeTableViewController.m */,
				1C2838051A955FA5006F10EC /* EventCellView.h */,
				1C2838061A955FA5006F10EC /* EventCellView.m */,
				1C2838021A955F8D006F10EC /* Utils.h */,
				1C2838031A955F8D006F10EC /* Utils.m */,
				1C3AC14B1A7EC168004B1D86 /* EventViewController.h */,
				1C3AC14C1A7EC168004B1D86 /* EventViewController.m */,
				1CEB11D81A9ED611005C162D /* MediaPickerTableViewController.h */,
				1CEB11D91A9ED611005C162D /* MediaPickerTableViewController.m */,
				1CEB11DA1A9ED611005C162D /* MediaPickerTableViewController.xib */,
				1C61D56A1AA25A6200833E0C /* EventMapView.h */,
				1C61D56B1AA25A6200833E0C /* EventMapView.m */,
				1C61D56D1AA25A8200833E0C /* EventMapView.xib */,
				1C61D56F1AA2609900833E0C /* MapManager.h */,
				1C61D5701AA2609900833E0C /* MapManager.m */,
				1C7E49C91AB21B04005BB999 /* PlayerInfoViewController.h */,
				1C7E49CA1AB21B04005BB999 /* PlayerInfoViewController.m */,
			);
			name = Source;
			sourceTree = "<group>";
		};
		41E1FCC16606E980DDA2964F /* Frameworks */ = {
			isa = PBXGroup;
			children = (
				1C73F36D1AFC036A0003B1FA /* CoreLocation.framework */,
				DE5763AE1AF40A8E003F7507 /* QuartzCore.framework */,
				4CDA11C45E121802EEDA9E85 /* libPods.a */,
			);
			name = Frameworks;
			sourceTree = "<group>";
		};
		DE5763861AF400BF003F7507 /* Assets (2x) */ = {
			isa = PBXGroup;
			children = (
				1C37B7E61AF5789A00566216 /* icon_heart.png */,
				1C37B7E71AF5789A00566216 /* icon_musicplaying.png */,
				DEE628DA1AFA79C1009084FF /* icon_back.png */,
				DE79A7DC1AFBFD6A00E99957 /* icon_playerback.png */,
				DE79A7DD1AFBFD6A00E99957 /* icon_playernext.png */,
				DE79A7DE1AFBFD6A00E99957 /* icon_playerpause.png */,
				DEE628D81AFA796F009084FF /* icon_bubble.png */,
				DEE628DF1AFA9D04009084FF /* icon_heartfull.png */,
				DEE628E01AFA9D04009084FF /* icon_playlist.png */,
				DEE628E11AFA9D04009084FF /* icon_search.png */,
				DEE628DD1AFA8D59009084FF /* icon_close.png */,
				1C37B7E81AF5789A00566216 /* icon_people.png */,
				1C37B7E91AF5789A00566216 /* image_coverart.png */,
				1C37B7EA1AF5789A00566216 /* image_portrait.png */,
				1C37B7EB1AF5789A00566216 /* image_waveform.png */,
				DE9A4A0F1AF5767300B26BA4 /* splash.png */,
				DE9A4A0B1AF5765A00B26BA4 /* button_addmusic.png */,
				DE9A4A0C1AF5765A00B26BA4 /* image_navbarbg.png */,
				DE5763901AF40723003F7507 /* button-facebook.png */,
				DE5763911AF40723003F7507 /* button-login.png */,
				DE5763921AF40723003F7507 /* input-password.png */,
				DE5763931AF40723003F7507 /* input-username.png */,
				DE5763871AF400E6003F7507 /* ecstatic-wordmark-330.png */,
				DE5763881AF400E6003F7507 /* icon-key-21.png */,
				DE5763891AF400E6003F7507 /* icon-person-21.png */,
			);
			name = "Assets (2x)";
			sourceTree = "<group>";
		};
		DE5763981AF4080B003F7507 /* Fonts */ = {
			isa = PBXGroup;
			children = (
				DE5763991AF40817003F7507 /* Raleway */,
			);
			name = Fonts;
			sourceTree = "<group>";
		};
		DE5763991AF40817003F7507 /* Raleway */ = {
			isa = PBXGroup;
			children = (
				DE57639B1AF40817003F7507 /* Raleway-Bold.ttf */,
				DE57639C1AF40817003F7507 /* Raleway-ExtraBold.ttf */,
				DE57639D1AF40817003F7507 /* Raleway-ExtraLight.ttf */,
				DE57639E1AF40817003F7507 /* Raleway-Heavy.ttf */,
				DE57639F1AF40817003F7507 /* Raleway-Light.ttf */,
				DE5763A01AF40817003F7507 /* Raleway-Medium.ttf */,
				DE5763A11AF40817003F7507 /* Raleway-Regular.ttf */,
				DE5763A21AF40817003F7507 /* Raleway-SemiBold.ttf */,
				DE5763A31AF40817003F7507 /* Raleway-Thin.ttf */,
			);
			path = Raleway;
			sourceTree = "<group>";
		};
		DE5763B61AF40CCD003F7507 /* Login */ = {
			isa = PBXGroup;
			children = (
				1CCB176B1A92792C0055D68C /* LoginViewController.h */,
				1CCB176C1A92792C0055D68C /* LoginViewController.m */,
				DE5763CA1AF438E7003F7507 /* RoomViewController.h */,
				DE5763CB1AF438E7003F7507 /* RoomViewController.m */,
				DE5763CF1AF447F4003F7507 /* GradientNavigationBar.h */,
				DE5763D01AF447F4003F7507 /* GradientNavigationBar.m */,
			);
			name = Login;
			sourceTree = "<group>";
		};
		DEE628DC1AFA7FEF009084FF /* GFX */ = {
			isa = PBXGroup;
			children = (
				DE5763B71AF427ED003F7507 /* RadialGradientLayer.h */,
				DE5763B81AF427ED003F7507 /* RadialGradientLayer.m */,
				DE5763D21AF5608C003F7507 /* GFXUtils.h */,
				DE5763D31AF5608C003F7507 /* GFXUtils.m */,
			);
			name = GFX;
			sourceTree = "<group>";
		};
		E04848918A20C9B3F50F1020 /* Pods */ = {
			isa = PBXGroup;
			children = (
				357C25CB851B05BF017C7876 /* Pods.debug.xcconfig */,
				C2B767D1CC5F084F45D1F4FB /* Pods.release.xcconfig */,
			);
			name = Pods;
			sourceTree = "<group>";
		};
/* End PBXGroup section */

/* Begin PBXNativeTarget section */
		1CA428A41A799CE9001DB0AD /* EcstaticFM */ = {
			isa = PBXNativeTarget;
			buildConfigurationList = 1CA428C81A799CE9001DB0AD /* Build configuration list for PBXNativeTarget "EcstaticFM" */;
			buildPhases = (
				6D847F6BC2A18DAA4E406EC2 /* Check Pods Manifest.lock */,
				1CA428A11A799CE9001DB0AD /* Sources */,
				1CA428A21A799CE9001DB0AD /* Frameworks */,
				1CA428A31A799CE9001DB0AD /* Resources */,
				02B402C50ABFCD3091F4A12B /* Copy Pods Resources */,
			);
			buildRules = (
			);
			dependencies = (
			);
			name = EcstaticFM;
			productName = EcstaticFM;
			productReference = 1CA428A51A799CE9001DB0AD /* EcstaticFM.app */;
			productType = "com.apple.product-type.application";
		};
		1CA428BD1A799CE9001DB0AD /* EcstaticFMTests */ = {
			isa = PBXNativeTarget;
			buildConfigurationList = 1CA428CB1A799CE9001DB0AD /* Build configuration list for PBXNativeTarget "EcstaticFMTests" */;
			buildPhases = (
				1CA428BA1A799CE9001DB0AD /* Sources */,
				1CA428BB1A799CE9001DB0AD /* Frameworks */,
				1CA428BC1A799CE9001DB0AD /* Resources */,
			);
			buildRules = (
			);
			dependencies = (
				1CA428C01A799CE9001DB0AD /* PBXTargetDependency */,
			);
			name = EcstaticFMTests;
			productName = EcstaticFMTests;
			productReference = 1CA428BE1A799CE9001DB0AD /* EcstaticFMTests.xctest */;
			productType = "com.apple.product-type.bundle.unit-test";
		};
/* End PBXNativeTarget section */

/* Begin PBXProject section */
		1CA4289D1A799CE9001DB0AD /* Project object */ = {
			isa = PBXProject;
			attributes = {
				LastUpgradeCheck = 0610;
				ORGANIZATIONNAME = "David Hernon";
				TargetAttributes = {
					1CA428A41A799CE9001DB0AD = {
						CreatedOnToolsVersion = 6.1.1;
					};
					1CA428BD1A799CE9001DB0AD = {
						CreatedOnToolsVersion = 6.1.1;
						TestTargetID = 1CA428A41A799CE9001DB0AD;
					};
				};
			};
			buildConfigurationList = 1CA428A01A799CE9001DB0AD /* Build configuration list for PBXProject "EcstaticFM" */;
			compatibilityVersion = "Xcode 3.2";
			developmentRegion = English;
			hasScannedForEncodings = 0;
			knownRegions = (
				en,
				Base,
			);
			mainGroup = 1CA4289C1A799CE9001DB0AD;
			productRefGroup = 1CA428A61A799CE9001DB0AD /* Products */;
			projectDirPath = "";
			projectRoot = "";
			targets = (
				1CA428A41A799CE9001DB0AD /* EcstaticFM */,
				1CA428BD1A799CE9001DB0AD /* EcstaticFMTests */,
			);
		};
/* End PBXProject section */

/* Begin PBXResourcesBuildPhase section */
		1CA428A31A799CE9001DB0AD /* Resources */ = {
			isa = PBXResourcesBuildPhase;
			buildActionMask = 2147483647;
			files = (
				DEE628E31AFA9D04009084FF /* icon_playlist.png in Resources */,
				1CEB11DC1A9ED611005C162D /* MediaPickerTableViewController.xib in Resources */,
				DE5763971AF40723003F7507 /* input-username.png in Resources */,
				DE9A4A0D1AF5765A00B26BA4 /* button_addmusic.png in Resources */,
				DE57638B1AF400E6003F7507 /* icon-key-21.png in Resources */,
				DE5763A91AF40817003F7507 /* Raleway-Light.ttf in Resources */,
				1C61D56E1AA25A8200833E0C /* EventMapView.xib in Resources */,
				DEE628D91AFA796F009084FF /* icon_bubble.png in Resources */,
				DE5763AD1AF40817003F7507 /* Raleway-Thin.ttf in Resources */,
				1C73F3671AFBDECF0003B1FA /* PopularTableCellView.xib in Resources */,
				1C37B7EE1AF5789A00566216 /* icon_people.png in Resources */,
				1C37B7ED1AF5789A00566216 /* icon_musicplaying.png in Resources */,
				DE9A4A0E1AF5765A00B26BA4 /* image_navbarbg.png in Resources */,
				DE57638A1AF400E6003F7507 /* ecstatic-wordmark-330.png in Resources */,
				DE57638C1AF400E6003F7507 /* icon-person-21.png in Resources */,
				DEE628E41AFA9D04009084FF /* icon_search.png in Resources */,
				DE5763A61AF40817003F7507 /* Raleway-ExtraBold.ttf in Resources */,
				DE5763AC1AF40817003F7507 /* Raleway-SemiBold.ttf in Resources */,
				DE5763A81AF40817003F7507 /* Raleway-Heavy.ttf in Resources */,
				DE5763961AF40723003F7507 /* input-password.png in Resources */,
				DE5763941AF40723003F7507 /* button-facebook.png in Resources */,
				DE9A4A101AF5767300B26BA4 /* splash.png in Resources */,
				1C4861E61A7AB75C004EFEAD /* Info.plist in Resources */,
				DEE628E21AFA9D04009084FF /* icon_heartfull.png in Resources */,
				1C4861E71A7AB75C004EFEAD /* main.m in Resources */,
				1C37B7EC1AF5789A00566216 /* icon_heart.png in Resources */,
				DE5763A71AF40817003F7507 /* Raleway-ExtraLight.ttf in Resources */,
				1CA428B41A799CE9001DB0AD /* Main.storyboard in Resources */,
				1CA428B91A799CE9001DB0AD /* LaunchScreen.xib in Resources */,
				DE5763A51AF40817003F7507 /* Raleway-Bold.ttf in Resources */,
				DE5763951AF40723003F7507 /* button-login.png in Resources */,
				1C37B7F11AF5789A00566216 /* image_waveform.png in Resources */,
				DEE628DB1AFA79C1009084FF /* icon_back.png in Resources */,
				DE5763AA1AF40817003F7507 /* Raleway-Medium.ttf in Resources */,
				1C37B7F01AF5789A00566216 /* image_portrait.png in Resources */,
				DE5763AB1AF40817003F7507 /* Raleway-Regular.ttf in Resources */,
				1CA428B61A799CE9001DB0AD /* Images.xcassets in Resources */,
				1C73F3691AFBDFF60003B1FA /* AroundMeTableCellView.xib in Resources */,
				1C8F93C91A8C0823007990AD /* PlayerView.xib in Resources */,
				1C37B7EF1AF5789A00566216 /* image_coverart.png in Resources */,
				DEE628DE1AFA8D59009084FF /* icon_close.png in Resources */,
			);
			runOnlyForDeploymentPostprocessing = 0;
		};
		1CA428BC1A799CE9001DB0AD /* Resources */ = {
			isa = PBXResourcesBuildPhase;
			buildActionMask = 2147483647;
			files = (
			);
			runOnlyForDeploymentPostprocessing = 0;
		};
/* End PBXResourcesBuildPhase section */

/* Begin PBXShellScriptBuildPhase section */
		02B402C50ABFCD3091F4A12B /* Copy Pods Resources */ = {
			isa = PBXShellScriptBuildPhase;
			buildActionMask = 2147483647;
			files = (
			);
			inputPaths = (
			);
			name = "Copy Pods Resources";
			outputPaths = (
			);
			runOnlyForDeploymentPostprocessing = 0;
			shellPath = /bin/sh;
			shellScript = "\"${SRCROOT}/Pods/Target Support Files/Pods/Pods-resources.sh\"\n";
			showEnvVarsInLog = 0;
		};
		6D847F6BC2A18DAA4E406EC2 /* Check Pods Manifest.lock */ = {
			isa = PBXShellScriptBuildPhase;
			buildActionMask = 2147483647;
			files = (
			);
			inputPaths = (
			);
			name = "Check Pods Manifest.lock";
			outputPaths = (
			);
			runOnlyForDeploymentPostprocessing = 0;
			shellPath = /bin/sh;
			shellScript = "diff \"${PODS_ROOT}/../Podfile.lock\" \"${PODS_ROOT}/Manifest.lock\" > /dev/null\nif [[ $? != 0 ]] ; then\n    cat << EOM\nerror: The sandbox is not in sync with the Podfile.lock. Run 'pod install' or update your CocoaPods installation.\nEOM\n    exit 1\nfi\n";
			showEnvVarsInLog = 0;
		};
/* End PBXShellScriptBuildPhase section */

/* Begin PBXSourcesBuildPhase section */
		1CA428A11A799CE9001DB0AD /* Sources */ = {
			isa = PBXSourcesBuildPhase;
			buildActionMask = 2147483647;
			files = (
				1C73F36C1AFBE9470003B1FA /* Room.m in Sources */,
				DE5763D41AF5608C003F7507 /* GFXUtils.m in Sources */,
				DE5763B91AF427ED003F7507 /* RadialGradientLayer.m in Sources */,
				DE5763D11AF447F4003F7507 /* GradientNavigationBar.m in Sources */,
				1CC438B91A7DBDF3000A5AEC /* Event.m in Sources */,
				1C7E49CB1AB21B04005BB999 /* PlayerInfoViewController.m in Sources */,
				1CA428AE1A799CE9001DB0AD /* AppDelegate.m in Sources */,
				1C7E49C81AB1FB82005BB999 /* RKSwipeBetweenViewControllers.m in Sources */,
				1C2838041A955F8D006F10EC /* Utils.m in Sources */,
				1C37B7D91AF540BA00566216 /* PlayerViewController.m in Sources */,
				1C3AC14D1A7EC168004B1D86 /* EventViewController.m in Sources */,
				1C73F3651AFA936D0003B1FA /* RoomsViewController.m in Sources */,
				1C37B7CD1AF3E29C00566216 /* SoundCloudMediaPickerTableView.m in Sources */,
				1C61D5711AA2609900833E0C /* MapManager.m in Sources */,
				1CCB176D1A92792C0055D68C /* LoginViewController.m in Sources */,
				1CB9BB301AA2456400748236 /* SoundCloudAPI.m in Sources */,
				1C2251441A9E7CA600210324 /* MediaItem.m in Sources */,
				1CB9BB341AA2459000748236 /* SDSAPI.m in Sources */,
				1C13A9481AB9BF4800B2DF81 /* MediaItemTableViewCell.m in Sources */,
				1CA428AB1A799CE9001DB0AD /* main.m in Sources */,
				1C2251471A9E7E5F00210324 /* Playlist.m in Sources */,
				1CEB11DB1A9ED611005C162D /* MediaPickerTableViewController.m in Sources */,
				1C8F93C71A8C07EB007990AD /* PlayerView.m in Sources */,
				1C2838071A955FA5006F10EC /* EventCellView.m in Sources */,
				1C33F84D1A8D4A0C0072ABBE /* Player.m in Sources */,
				1C2838011A955F59006F10EC /* HomeTableViewController.m in Sources */,
				DE5763CC1AF438E7003F7507 /* RoomViewController.m in Sources */,
				1C7E49D11AB33A48005BB999 /* soundCloudMediaPickerViewController.m in Sources */,
				1C7E49CE1AB22503005BB999 /* SwipeBetweenAPIViewControllers.m in Sources */,
				1C61D56C1AA25A6200833E0C /* EventMapView.m in Sources */,
			);
			runOnlyForDeploymentPostprocessing = 0;
		};
		1CA428BA1A799CE9001DB0AD /* Sources */ = {
			isa = PBXSourcesBuildPhase;
			buildActionMask = 2147483647;
			files = (
				1CA428C51A799CE9001DB0AD /* EcstaticFMTests.m in Sources */,
			);
			runOnlyForDeploymentPostprocessing = 0;
		};
/* End PBXSourcesBuildPhase section */

/* Begin PBXTargetDependency section */
		1CA428C01A799CE9001DB0AD /* PBXTargetDependency */ = {
			isa = PBXTargetDependency;
			target = 1CA428A41A799CE9001DB0AD /* EcstaticFM */;
			targetProxy = 1CA428BF1A799CE9001DB0AD /* PBXContainerItemProxy */;
		};
/* End PBXTargetDependency section */

/* Begin PBXVariantGroup section */
		1CA428B21A799CE9001DB0AD /* Main.storyboard */ = {
			isa = PBXVariantGroup;
			children = (
				1CA428B31A799CE9001DB0AD /* Base */,
			);
			name = Main.storyboard;
			sourceTree = "<group>";
		};
		1CA428B71A799CE9001DB0AD /* LaunchScreen.xib */ = {
			isa = PBXVariantGroup;
			children = (
				1CA428B81A799CE9001DB0AD /* Base */,
			);
			name = LaunchScreen.xib;
			sourceTree = "<group>";
		};
/* End PBXVariantGroup section */

/* Begin XCBuildConfiguration section */
		1CA428C61A799CE9001DB0AD /* Debug */ = {
			isa = XCBuildConfiguration;
			buildSettings = {
				ALWAYS_SEARCH_USER_PATHS = NO;
				CLANG_CXX_LANGUAGE_STANDARD = "gnu++0x";
				CLANG_CXX_LIBRARY = "libc++";
				CLANG_ENABLE_MODULES = YES;
				CLANG_ENABLE_OBJC_ARC = YES;
				CLANG_WARN_BOOL_CONVERSION = YES;
				CLANG_WARN_CONSTANT_CONVERSION = YES;
				CLANG_WARN_DIRECT_OBJC_ISA_USAGE = YES_ERROR;
				CLANG_WARN_EMPTY_BODY = YES;
				CLANG_WARN_ENUM_CONVERSION = YES;
				CLANG_WARN_INT_CONVERSION = YES;
				CLANG_WARN_OBJC_ROOT_CLASS = YES_ERROR;
				CLANG_WARN_UNREACHABLE_CODE = YES;
				CLANG_WARN__DUPLICATE_METHOD_MATCH = YES;
				"CODE_SIGN_IDENTITY[sdk=iphoneos*]" = "iPhone Developer";
				COPY_PHASE_STRIP = NO;
				ENABLE_STRICT_OBJC_MSGSEND = YES;
				GCC_C_LANGUAGE_STANDARD = gnu99;
				GCC_DYNAMIC_NO_PIC = NO;
				GCC_OPTIMIZATION_LEVEL = 0;
				GCC_PREPROCESSOR_DEFINITIONS = (
					"DEBUG=1",
					"$(inherited)",
				);
				GCC_SYMBOLS_PRIVATE_EXTERN = NO;
				GCC_WARN_64_TO_32_BIT_CONVERSION = YES;
				GCC_WARN_ABOUT_RETURN_TYPE = YES_ERROR;
				GCC_WARN_UNDECLARED_SELECTOR = YES;
				GCC_WARN_UNINITIALIZED_AUTOS = YES_AGGRESSIVE;
				GCC_WARN_UNUSED_FUNCTION = YES;
				GCC_WARN_UNUSED_VARIABLE = YES;
				IPHONEOS_DEPLOYMENT_TARGET = 8.1;
				MTL_ENABLE_DEBUG_INFO = YES;
				ONLY_ACTIVE_ARCH = YES;
				SDKROOT = iphoneos;
				TARGETED_DEVICE_FAMILY = "1,2";
			};
			name = Debug;
		};
		1CA428C71A799CE9001DB0AD /* Release */ = {
			isa = XCBuildConfiguration;
			buildSettings = {
				ALWAYS_SEARCH_USER_PATHS = NO;
				CLANG_CXX_LANGUAGE_STANDARD = "gnu++0x";
				CLANG_CXX_LIBRARY = "libc++";
				CLANG_ENABLE_MODULES = YES;
				CLANG_ENABLE_OBJC_ARC = YES;
				CLANG_WARN_BOOL_CONVERSION = YES;
				CLANG_WARN_CONSTANT_CONVERSION = YES;
				CLANG_WARN_DIRECT_OBJC_ISA_USAGE = YES_ERROR;
				CLANG_WARN_EMPTY_BODY = YES;
				CLANG_WARN_ENUM_CONVERSION = YES;
				CLANG_WARN_INT_CONVERSION = YES;
				CLANG_WARN_OBJC_ROOT_CLASS = YES_ERROR;
				CLANG_WARN_UNREACHABLE_CODE = YES;
				CLANG_WARN__DUPLICATE_METHOD_MATCH = YES;
				"CODE_SIGN_IDENTITY[sdk=iphoneos*]" = "iPhone Developer";
				COPY_PHASE_STRIP = YES;
				ENABLE_NS_ASSERTIONS = NO;
				ENABLE_STRICT_OBJC_MSGSEND = YES;
				GCC_C_LANGUAGE_STANDARD = gnu99;
				GCC_WARN_64_TO_32_BIT_CONVERSION = YES;
				GCC_WARN_ABOUT_RETURN_TYPE = YES_ERROR;
				GCC_WARN_UNDECLARED_SELECTOR = YES;
				GCC_WARN_UNINITIALIZED_AUTOS = YES_AGGRESSIVE;
				GCC_WARN_UNUSED_FUNCTION = YES;
				GCC_WARN_UNUSED_VARIABLE = YES;
				IPHONEOS_DEPLOYMENT_TARGET = 8.1;
				MTL_ENABLE_DEBUG_INFO = NO;
				SDKROOT = iphoneos;
				TARGETED_DEVICE_FAMILY = "1,2";
				VALIDATE_PRODUCT = YES;
			};
			name = Release;
		};
		1CA428C91A799CE9001DB0AD /* Debug */ = {
			isa = XCBuildConfiguration;
			baseConfigurationReference = 357C25CB851B05BF017C7876 /* Pods.debug.xcconfig */;
			buildSettings = {
				ASSETCATALOG_COMPILER_APPICON_NAME = AppIcon;
				INFOPLIST_FILE = EcstaticFM/Info.plist;
				LD_RUNPATH_SEARCH_PATHS = "$(inherited) @executable_path/Frameworks";
				PRODUCT_NAME = "$(TARGET_NAME)";
			};
			name = Debug;
		};
		1CA428CA1A799CE9001DB0AD /* Release */ = {
			isa = XCBuildConfiguration;
			baseConfigurationReference = C2B767D1CC5F084F45D1F4FB /* Pods.release.xcconfig */;
			buildSettings = {
				ASSETCATALOG_COMPILER_APPICON_NAME = AppIcon;
				INFOPLIST_FILE = EcstaticFM/Info.plist;
				LD_RUNPATH_SEARCH_PATHS = "$(inherited) @executable_path/Frameworks";
				PRODUCT_NAME = "$(TARGET_NAME)";
			};
			name = Release;
		};
		1CA428CC1A799CE9001DB0AD /* Debug */ = {
			isa = XCBuildConfiguration;
			buildSettings = {
				BUNDLE_LOADER = "$(TEST_HOST)";
				FRAMEWORK_SEARCH_PATHS = (
					"$(SDKROOT)/Developer/Library/Frameworks",
					"$(inherited)",
				);
				GCC_PREPROCESSOR_DEFINITIONS = (
					"DEBUG=1",
					"$(inherited)",
				);
				INFOPLIST_FILE = EcstaticFMTests/Info.plist;
				LD_RUNPATH_SEARCH_PATHS = "$(inherited) @executable_path/Frameworks @loader_path/Frameworks";
				PRODUCT_NAME = "$(TARGET_NAME)";
				TEST_HOST = "$(BUILT_PRODUCTS_DIR)/EcstaticFM.app/EcstaticFM";
			};
			name = Debug;
		};
		1CA428CD1A799CE9001DB0AD /* Release */ = {
			isa = XCBuildConfiguration;
			buildSettings = {
				BUNDLE_LOADER = "$(TEST_HOST)";
				FRAMEWORK_SEARCH_PATHS = (
					"$(SDKROOT)/Developer/Library/Frameworks",
					"$(inherited)",
				);
				INFOPLIST_FILE = EcstaticFMTests/Info.plist;
				LD_RUNPATH_SEARCH_PATHS = "$(inherited) @executable_path/Frameworks @loader_path/Frameworks";
				PRODUCT_NAME = "$(TARGET_NAME)";
				TEST_HOST = "$(BUILT_PRODUCTS_DIR)/EcstaticFM.app/EcstaticFM";
			};
			name = Release;
		};
/* End XCBuildConfiguration section */

/* Begin XCConfigurationList section */
		1CA428A01A799CE9001DB0AD /* Build configuration list for PBXProject "EcstaticFM" */ = {
			isa = XCConfigurationList;
			buildConfigurations = (
				1CA428C61A799CE9001DB0AD /* Debug */,
				1CA428C71A799CE9001DB0AD /* Release */,
			);
			defaultConfigurationIsVisible = 0;
			defaultConfigurationName = Release;
		};
		1CA428C81A799CE9001DB0AD /* Build configuration list for PBXNativeTarget "EcstaticFM" */ = {
			isa = XCConfigurationList;
			buildConfigurations = (
				1CA428C91A799CE9001DB0AD /* Debug */,
				1CA428CA1A799CE9001DB0AD /* Release */,
			);
			defaultConfigurationIsVisible = 0;
			defaultConfigurationName = Release;
		};
		1CA428CB1A799CE9001DB0AD /* Build configuration list for PBXNativeTarget "EcstaticFMTests" */ = {
			isa = XCConfigurationList;
			buildConfigurations = (
				1CA428CC1A799CE9001DB0AD /* Debug */,
				1CA428CD1A799CE9001DB0AD /* Release */,
			);
			defaultConfigurationIsVisible = 0;
			defaultConfigurationName = Release;
		};
/* End XCConfigurationList section */
	};
	rootObject = 1CA4289D1A799CE9001DB0AD /* Project object */;
}
