// !$*UTF8*$!
{
	archiveVersion = 1;
	classes = {
	};
	objectVersion = 46;
	objects = {

/* Begin PBXBuildFile section */
		1CA428AB1A799CE9001DB0AD /* main.m in Sources */ = {isa = PBXBuildFile; fileRef = 1CA428AA1A799CE9001DB0AD /* main.m */; };
		1CA428AE1A799CE9001DB0AD /* AppDelegate.m in Sources */ = {isa = PBXBuildFile; fileRef = 1CA428AD1A799CE9001DB0AD /* AppDelegate.m */; };
		1CA428B11A799CE9001DB0AD /* ViewController.m in Sources */ = {isa = PBXBuildFile; fileRef = 1CA428B01A799CE9001DB0AD /* ViewController.m */; };
		1CA428B41A799CE9001DB0AD /* Main.storyboard in Resources */ = {isa = PBXBuildFile; fileRef = 1CA428B21A799CE9001DB0AD /* Main.storyboard */; };
		1CA428B61A799CE9001DB0AD /* Images.xcassets in Resources */ = {isa = PBXBuildFile; fileRef = 1CA428B51A799CE9001DB0AD /* Images.xcassets */; };
		1CA428B91A799CE9001DB0AD /* LaunchScreen.xib in Resources */ = {isa = PBXBuildFile; fileRef = 1CA428B71A799CE9001DB0AD /* LaunchScreen.xib */; };
		1CA428C51A799CE9001DB0AD /* EcstaticFMTests.m in Sources */ = {isa = PBXBuildFile; fileRef = 1CA428C41A799CE9001DB0AD /* EcstaticFMTests.m */; };
/* End PBXBuildFile section */

/* Begin PBXContainerItemProxy section */
		1CA428BF1A799CE9001DB0AD /* PBXContainerItemProxy */ = {
			isa = PBXContainerItemProxy;
			containerPortal = 1CA4289D1A799CE9001DB0AD /* Project object */;
			proxyType = 1;
			remoteGlobalIDString = 1CA428A41A799CE9001DB0AD;
			remoteInfo = EcstaticFM;
		};
/* End PBXContainerItemProxy section */

/* Begin PBXFileReference section */
		1CA428A51A799CE9001DB0AD /* EcstaticFM.app */ = {isa = PBXFileReference; explicitFileType = wrapper.application; includeInIndex = 0; path = EcstaticFM.app; sourceTree = BUILT_PRODUCTS_DIR; };
		1CA428A91A799CE9001DB0AD /* Info.plist */ = {isa = PBXFileReference; lastKnownFileType = text.plist.xml; path = Info.plist; sourceTree = "<group>"; };
		1CA428AA1A799CE9001DB0AD /* main.m */ = {isa = PBXFileReference; lastKnownFileType = sourcecode.c.objc; path = main.m; sourceTree = "<group>"; };
		1CA428AC1A799CE9001DB0AD /* AppDelegate.h */ = {isa = PBXFileReference; lastKnownFileType = sourcecode.c.h; path = AppDelegate.h; sourceTree = "<group>"; };
		1CA428AD1A799CE9001DB0AD /* AppDelegate.m */ = {isa = PBXFileReference; lastKnownFileType = sourcecode.c.objc; path = AppDelegate.m; sourceTree = "<group>"; };
		1CA428AF1A799CE9001DB0AD /* ViewController.h */ = {isa = PBXFileReference; lastKnownFileType = sourcecode.c.h; path = ViewController.h; sourceTree = "<group>"; };
		1CA428B01A799CE9001DB0AD /* ViewController.m */ = {isa = PBXFileReference; lastKnownFileType = sourcecode.c.objc; path = ViewController.m; sourceTree = "<group>"; };
		1CA428B31A799CE9001DB0AD /* Base */ = {isa = PBXFileReference; lastKnownFileType = file.storyboard; name = Base; path = Base.lproj/Main.storyboard; sourceTree = "<group>"; };
		1CA428B51A799CE9001DB0AD /* Images.xcassets */ = {isa = PBXFileReference; lastKnownFileType = folder.assetcatalog; path = Images.xcassets; sourceTree = "<group>"; };
		1CA428B81A799CE9001DB0AD /* Base */ = {isa = PBXFileReference; lastKnownFileType = file.xib; name = Base; path = Base.lproj/LaunchScreen.xib; sourceTree = "<group>"; };
		1CA428BE1A799CE9001DB0AD /* EcstaticFMTests.xctest */ = {isa = PBXFileReference; explicitFileType = wrapper.cfbundle; includeInIndex = 0; path = EcstaticFMTests.xctest; sourceTree = BUILT_PRODUCTS_DIR; };
		1CA428C31A799CE9001DB0AD /* Info.plist */ = {isa = PBXFileReference; lastKnownFileType = text.plist.xml; path = Info.plist; sourceTree = "<group>"; };
		1CA428C41A799CE9001DB0AD /* EcstaticFMTests.m */ = {isa = PBXFileReference; lastKnownFileType = sourcecode.c.objc; path = EcstaticFMTests.m; sourceTree = "<group>"; };
/* End PBXFileReference section */

/* Begin PBXFrameworksBuildPhase section */
		1CA428A21A799CE9001DB0AD /* Frameworks */ = {
			isa = PBXFrameworksBuildPhase;
			buildActionMask = 2147483647;
			files = (
			);
			runOnlyForDeploymentPostprocessing = 0;
		};
		1CA428BB1A799CE9001DB0AD /* Frameworks */ = {
			isa = PBXFrameworksBuildPhase;
			buildActionMask = 2147483647;
			files = (
			);
			runOnlyForDeploymentPostprocessing = 0;
		};
/* End PBXFrameworksBuildPhase section */

/* Begin PBXGroup section */
		1CA4289C1A799CE9001DB0AD = {
			isa = PBXGroup;
			children = (
				1CA428A71A799CE9001DB0AD /* EcstaticFM */,
				1CA428C11A799CE9001DB0AD /* EcstaticFMTests */,
				1CA428A61A799CE9001DB0AD /* Products */,
			);
			sourceTree = "<group>";
		};
		1CA428A61A799CE9001DB0AD /* Products */ = {
			isa = PBXGroup;
			children = (
				1CA428A51A799CE9001DB0AD /* EcstaticFM.app */,
				1CA428BE1A799CE9001DB0AD /* EcstaticFMTests.xctest */,
			);
			name = Products;
			sourceTree = "<group>";
		};
		1CA428A71A799CE9001DB0AD /* EcstaticFM */ = {
			isa = PBXGroup;
			children = (
				1CA428AC1A799CE9001DB0AD /* AppDelegate.h */,
				1CA428AD1A799CE9001DB0AD /* AppDelegate.m */,
				1CA428AF1A799CE9001DB0AD /* ViewController.h */,
				1CA428B01A799CE9001DB0AD /* ViewController.m */,
				1CA428B21A799CE9001DB0AD /* Main.storyboard */,
				1CA428B51A799CE9001DB0AD /* Images.xcassets */,
				1CA428B71A799CE9001DB0AD /* LaunchScreen.xib */,
				1CA428A81A799CE9001DB0AD /* Supporting Files */,
			);
			path = EcstaticFM;
			sourceTree = "<group>";
		};
		1CA428A81A799CE9001DB0AD /* Supporting Files */ = {
			isa = PBXGroup;
			children = (
				1CA428A91A799CE9001DB0AD /* Info.plist */,
				1CA428AA1A799CE9001DB0AD /* main.m */,
			);
			name = "Supporting Files";
			sourceTree = "<group>";
		};
		1CA428C11A799CE9001DB0AD /* EcstaticFMTests */ = {
			isa = PBXGroup;
			children = (
				1CA428C41A799CE9001DB0AD /* EcstaticFMTests.m */,
				1CA428C21A799CE9001DB0AD /* Supporting Files */,
			);
			path = EcstaticFMTests;
			sourceTree = "<group>";
		};
		1CA428C21A799CE9001DB0AD /* Supporting Files */ = {
			isa = PBXGroup;
			children = (
				1CA428C31A799CE9001DB0AD /* Info.plist */,
			);
			name = "Supporting Files";
			sourceTree = "<group>";
		};
/* End PBXGroup section */

/* Begin PBXNativeTarget section */
		1CA428A41A799CE9001DB0AD /* EcstaticFM */ = {
			isa = PBXNativeTarget;
			buildConfigurationList = 1CA428C81A799CE9001DB0AD /* Build configuration list for PBXNativeTarget "EcstaticFM" */;
			buildPhases = (
				1CA428A11A799CE9001DB0AD /* Sources */,
				1CA428A21A799CE9001DB0AD /* Frameworks */,
				1CA428A31A799CE9001DB0AD /* Resources */,
			);
			buildRules = (
			);
			dependencies = (
			);
			name = EcstaticFM;
			productName = EcstaticFM;
			productReference = 1CA428A51A799CE9001DB0AD /* EcstaticFM.app */;
			productType = "com.apple.product-type.application";
		};
		1CA428BD1A799CE9001DB0AD /* EcstaticFMTests */ = {
			isa = PBXNativeTarget;
			buildConfigurationList = 1CA428CB1A799CE9001DB0AD /* Build configuration list for PBXNativeTarget "EcstaticFMTests" */;
			buildPhases = (
				1CA428BA1A799CE9001DB0AD /* Sources */,
				1CA428BB1A799CE9001DB0AD /* Frameworks */,
				1CA428BC1A799CE9001DB0AD /* Resources */,
			);
			buildRules = (
			);
			dependencies = (
				1CA428C01A799CE9001DB0AD /* PBXTargetDependency */,
			);
			name = EcstaticFMTests;
			productName = EcstaticFMTests;
			productReference = 1CA428BE1A799CE9001DB0AD /* EcstaticFMTests.xctest */;
			productType = "com.apple.product-type.bundle.unit-test";
		};
/* End PBXNativeTarget section */

/* Begin PBXProject section */
		1CA4289D1A799CE9001DB0AD /* Project object */ = {
			isa = PBXProject;
			attributes = {
				LastUpgradeCheck = 0610;
				ORGANIZATIONNAME = "David Hernon";
				TargetAttributes = {
					1CA428A41A799CE9001DB0AD = {
						CreatedOnToolsVersion = 6.1.1;
					};
					1CA428BD1A799CE9001DB0AD = {
						CreatedOnToolsVersion = 6.1.1;
						TestTargetID = 1CA428A41A799CE9001DB0AD;
					};
				};
			};
			buildConfigurationList = 1CA428A01A799CE9001DB0AD /* Build configuration list for PBXProject "EcstaticFM" */;
			compatibilityVersion = "Xcode 3.2";
			developmentRegion = English;
			hasScannedForEncodings = 0;
			knownRegions = (
				en,
				Base,
			);
			mainGroup = 1CA4289C1A799CE9001DB0AD;
			productRefGroup = 1CA428A61A799CE9001DB0AD /* Products */;
			projectDirPath = "";
			projectRoot = "";
			targets = (
				1CA428A41A799CE9001DB0AD /* EcstaticFM */,
				1CA428BD1A799CE9001DB0AD /* EcstaticFMTests */,
			);
		};
/* End PBXProject section */

/* Begin PBXResourcesBuildPhase section */
		1CA428A31A799CE9001DB0AD /* Resources */ = {
			isa = PBXResourcesBuildPhase;
			buildActionMask = 2147483647;
			files = (
				1CA428B41A799CE9001DB0AD /* Main.storyboard in Resources */,
				1CA428B91A799CE9001DB0AD /* LaunchScreen.xib in Resources */,
				1CA428B61A799CE9001DB0AD /* Images.xcassets in Resources */,
			);
			runOnlyForDeploymentPostprocessing = 0;
		};
		1CA428BC1A799CE9001DB0AD /* Resources */ = {
			isa = PBXResourcesBuildPhase;
			buildActionMask = 2147483647;
			files = (
			);
			runOnlyForDeploymentPostprocessing = 0;
		};
/* End PBXResourcesBuildPhase section */

/* Begin PBXSourcesBuildPhase section */
		1CA428A11A799CE9001DB0AD /* Sources */ = {
			isa = PBXSourcesBuildPhase;
			buildActionMask = 2147483647;
			files = (
				1CA428B11A799CE9001DB0AD /* ViewController.m in Sources */,
				1CA428AE1A799CE9001DB0AD /* AppDelegate.m in Sources */,
				1CA428AB1A799CE9001DB0AD /* main.m in Sources */,
			);
			runOnlyForDeploymentPostprocessing = 0;
		};
		1CA428BA1A799CE9001DB0AD /* Sources */ = {
			isa = PBXSourcesBuildPhase;
			buildActionMask = 2147483647;
			files = (
				1CA428C51A799CE9001DB0AD /* EcstaticFMTests.m in Sources */,
			);
			runOnlyForDeploymentPostprocessing = 0;
		};
/* End PBXSourcesBuildPhase section */

/* Begin PBXTargetDependency section */
		1CA428C01A799CE9001DB0AD /* PBXTargetDependency */ = {
			isa = PBXTargetDependency;
			target = 1CA428A41A799CE9001DB0AD /* EcstaticFM */;
			targetProxy = 1CA428BF1A799CE9001DB0AD /* PBXContainerItemProxy */;
		};
/* End PBXTargetDependency section */

/* Begin PBXVariantGroup section */
		1CA428B21A799CE9001DB0AD /* Main.storyboard */ = {
			isa = PBXVariantGroup;
			children = (
				1CA428B31A799CE9001DB0AD /* Base */,
			);
			name = Main.storyboard;
			sourceTree = "<group>";
		};
		1CA428B71A799CE9001DB0AD /* LaunchScreen.xib */ = {
			isa = PBXVariantGroup;
			children = (
				1CA428B81A799CE9001DB0AD /* Base */,
			);
			name = LaunchScreen.xib;
			sourceTree = "<group>";
		};
/* End PBXVariantGroup section */

/* Begin XCBuildConfiguration section */
		1CA428C61A799CE9001DB0AD /* Debug */ = {
			isa = XCBuildConfiguration;
			buildSettings = {
				ALWAYS_SEARCH_USER_PATHS = NO;
				CLANG_CXX_LANGUAGE_STANDARD = "gnu++0x";
				CLANG_CXX_LIBRARY = "libc++";
				CLANG_ENABLE_MODULES = YES;
				CLANG_ENABLE_OBJC_ARC = YES;
				CLANG_WARN_BOOL_CONVERSION = YES;
				CLANG_WARN_CONSTANT_CONVERSION = YES;
				CLANG_WARN_DIRECT_OBJC_ISA_USAGE = YES_ERROR;
				CLANG_WARN_EMPTY_BODY = YES;
				CLANG_WARN_ENUM_CONVERSION = YES;
				CLANG_WARN_INT_CONVERSION = YES;
				CLANG_WARN_OBJC_ROOT_CLASS = YES_ERROR;
				CLANG_WARN_UNREACHABLE_CODE = YES;
				CLANG_WARN__DUPLICATE_METHOD_MATCH = YES;
				"CODE_SIGN_IDENTITY[sdk=iphoneos*]" = "iPhone Developer";
				COPY_PHASE_STRIP = NO;
				ENABLE_STRICT_OBJC_MSGSEND = YES;
				GCC_C_LANGUAGE_STANDARD = gnu99;
				GCC_DYNAMIC_NO_PIC = NO;
				GCC_OPTIMIZATION_LEVEL = 0;
				GCC_PREPROCESSOR_DEFINITIONS = (
					"DEBUG=1",
					"$(inherited)",
				);
				GCC_SYMBOLS_PRIVATE_EXTERN = NO;
				GCC_WARN_64_TO_32_BIT_CONVERSION = YES;
				GCC_WARN_ABOUT_RETURN_TYPE = YES_ERROR;
				GCC_WARN_UNDECLARED_SELECTOR = YES;
				GCC_WARN_UNINITIALIZED_AUTOS = YES_AGGRESSIVE;
				GCC_WARN_UNUSED_FUNCTION = YES;
				GCC_WARN_UNUSED_VARIABLE = YES;
				IPHONEOS_DEPLOYMENT_TARGET = 8.1;
				MTL_ENABLE_DEBUG_INFO = YES;
				ONLY_ACTIVE_ARCH = YES;
				SDKROOT = iphoneos;
				TARGETED_DEVICE_FAMILY = "1,2";
			};
			name = Debug;
		};
		1CA428C71A799CE9001DB0AD /* Release */ = {
			isa = XCBuildConfiguration;
			buildSettings = {
				ALWAYS_SEARCH_USER_PATHS = NO;
				CLANG_CXX_LANGUAGE_STANDARD = "gnu++0x";
				CLANG_CXX_LIBRARY = "libc++";
				CLANG_ENABLE_MODULES = YES;
				CLANG_ENABLE_OBJC_ARC = YES;
				CLANG_WARN_BOOL_CONVERSION = YES;
				CLANG_WARN_CONSTANT_CONVERSION = YES;
				CLANG_WARN_DIRECT_OBJC_ISA_USAGE = YES_ERROR;
				CLANG_WARN_EMPTY_BODY = YES;
				CLANG_WARN_ENUM_CONVERSION = YES;
				CLANG_WARN_INT_CONVERSION = YES;
				CLANG_WARN_OBJC_ROOT_CLASS = YES_ERROR;
				CLANG_WARN_UNREACHABLE_CODE = YES;
				CLANG_WARN__DUPLICATE_METHOD_MATCH = YES;
				"CODE_SIGN_IDENTITY[sdk=iphoneos*]" = "iPhone Developer";
				COPY_PHASE_STRIP = YES;
				ENABLE_NS_ASSERTIONS = NO;
				ENABLE_STRICT_OBJC_MSGSEND = YES;
				GCC_C_LANGUAGE_STANDARD = gnu99;
				GCC_WARN_64_TO_32_BIT_CONVERSION = YES;
				GCC_WARN_ABOUT_RETURN_TYPE = YES_ERROR;
				GCC_WARN_UNDECLARED_SELECTOR = YES;
				GCC_WARN_UNINITIALIZED_AUTOS = YES_AGGRESSIVE;
				GCC_WARN_UNUSED_FUNCTION = YES;
				GCC_WARN_UNUSED_VARIABLE = YES;
				IPHONEOS_DEPLOYMENT_TARGET = 8.1;
				MTL_ENABLE_DEBUG_INFO = NO;
				SDKROOT = iphoneos;
				TARGETED_DEVICE_FAMILY = "1,2";
				VALIDATE_PRODUCT = YES;
			};
			name = Release;
		};
		1CA428C91A799CE9001DB0AD /* Debug */ = {
			isa = XCBuildConfiguration;
			buildSettings = {
				ASSETCATALOG_COMPILER_APPICON_NAME = AppIcon;
				INFOPLIST_FILE = EcstaticFM/Info.plist;
				LD_RUNPATH_SEARCH_PATHS = "$(inherited) @executable_path/Frameworks";
				PRODUCT_NAME = "$(TARGET_NAME)";
			};
			name = Debug;
		};
		1CA428CA1A799CE9001DB0AD /* Release */ = {
			isa = XCBuildConfiguration;
			buildSettings = {
				ASSETCATALOG_COMPILER_APPICON_NAME = AppIcon;
				INFOPLIST_FILE = EcstaticFM/Info.plist;
				LD_RUNPATH_SEARCH_PATHS = "$(inherited) @executable_path/Frameworks";
				PRODUCT_NAME = "$(TARGET_NAME)";
			};
			name = Release;
		};
		1CA428CC1A799CE9001DB0AD /* Debug */ = {
			isa = XCBuildConfiguration;
			buildSettings = {
				BUNDLE_LOADER = "$(TEST_HOST)";
				FRAMEWORK_SEARCH_PATHS = (
					"$(SDKROOT)/Developer/Library/Frameworks",
					"$(inherited)",
				);
				GCC_PREPROCESSOR_DEFINITIONS = (
					"DEBUG=1",
					"$(inherited)",
				);
				INFOPLIST_FILE = EcstaticFMTests/Info.plist;
				LD_RUNPATH_SEARCH_PATHS = "$(inherited) @executable_path/Frameworks @loader_path/Frameworks";
				PRODUCT_NAME = "$(TARGET_NAME)";
				TEST_HOST = "$(BUILT_PRODUCTS_DIR)/EcstaticFM.app/EcstaticFM";
			};
			name = Debug;
		};
		1CA428CD1A799CE9001DB0AD /* Release */ = {
			isa = XCBuildConfiguration;
			buildSettings = {
				BUNDLE_LOADER = "$(TEST_HOST)";
				FRAMEWORK_SEARCH_PATHS = (
					"$(SDKROOT)/Developer/Library/Frameworks",
					"$(inherited)",
				);
				INFOPLIST_FILE = EcstaticFMTests/Info.plist;
				LD_RUNPATH_SEARCH_PATHS = "$(inherited) @executable_path/Frameworks @loader_path/Frameworks";
				PRODUCT_NAME = "$(TARGET_NAME)";
				TEST_HOST = "$(BUILT_PRODUCTS_DIR)/EcstaticFM.app/EcstaticFM";
			};
			name = Release;
		};
/* End XCBuildConfiguration section */

/* Begin XCConfigurationList section */
		1CA428A01A799CE9001DB0AD /* Build configuration list for PBXProject "EcstaticFM" */ = {
			isa = XCConfigurationList;
			buildConfigurations = (
				1CA428C61A799CE9001DB0AD /* Debug */,
				1CA428C71A799CE9001DB0AD /* Release */,
			);
			defaultConfigurationIsVisible = 0;
			defaultConfigurationName = Release;
		};
		1CA428C81A799CE9001DB0AD /* Build configuration list for PBXNativeTarget "EcstaticFM" */ = {
			isa = XCConfigurationList;
			buildConfigurations = (
				1CA428C91A799CE9001DB0AD /* Debug */,
				1CA428CA1A799CE9001DB0AD /* Release */,
			);
			defaultConfigurationIsVisible = 0;
		};
		1CA428CB1A799CE9001DB0AD /* Build configuration list for PBXNativeTarget "EcstaticFMTests" */ = {
			isa = XCConfigurationList;
			buildConfigurations = (
				1CA428CC1A799CE9001DB0AD /* Debug */,
				1CA428CD1A799CE9001DB0AD /* Release */,
			);
			defaultConfigurationIsVisible = 0;
		};
/* End XCConfigurationList section */
	};
	rootObject = 1CA4289D1A799CE9001DB0AD /* Project object */;
}
